
Microsoft Visual Studio Solution File, Format Version 12.00
# Visual Studio Version 17
VisualStudioVersion = 17.0.31903.59
MinimumVisualStudioVersion = 10.0.40219.1
Project("{FAE04EC0-301F-11D3-BF4B-00C04F79EFBC}") = "DsfMm", "DsfMm.csproj", "{FB605104-3FB7-4D3D-B8CA-C417D35B9481}"
EndProject
Global
	GlobalSection(SolutionConfigurationPlatforms) = preSolution
		Debug|Any CPU = Debug|Any CPU
		Release|Any CPU = Release|Any CPU
	EndGlobalSection
	GlobalSection(ProjectConfigurationPlatforms) = postSolution
		{FB605104-3FB7-4D3D-B8CA-C417D35B9481}.Debug|Any CPU.ActiveCfg = Debug|Any CPU
		{FB605104-3FB7-4D3D-B8CA-C417D35B9481}.Debug|Any CPU.Build.0 = Debug|Any CPU
		{FB605104-3FB7-4D3D-B8CA-C417D35B9481}.Release|Any CPU.ActiveCfg = Release|Any CPU
		{FB605104-3FB7-4D3D-B8CA-C417D35B9481}.Release|Any CPU.Build.0 = Release|Any CPU
	EndGlobalSection
	GlobalSection(SolutionProperties) = preSolution
		HideSolutionNode = FALSE
	EndGlobalSection
	GlobalSection(ExtensibilityGlobals) = postSolution
		SolutionGuid = {EDEE75F9-9FF0-42C2-8062-B8F302EF9633}
	EndGlobalSection
EndGlobal
